{
    "hash": "2b8eb2a4c92750a6ff46aa85ae3b7512",
    "packages": [
        {
            "package": "doctrine/common",
            "version": "2.3.x-dev",
            "source-reference": "605b1b8b5a7bc8daf9111fb35483e5708e30de35",
            "commit-date": "1346249247"
        },
        {
            "package": "doctrine/dbal",
            "version": "2.3.x-dev",
            "source-reference": "239630b61f03f39d198441eced1bfffb7b0e61d1",
            "commit-date": "1346866589"
        },
        {
            "package": "doctrine/doctrine-bundle",
            "version": "dev-master",
            "alias-pretty-version": "1.0.x-dev",
            "alias-version": "1.0.9999999.9999999-dev"
        },
        {
            "package": "doctrine/doctrine-bundle",
            "version": "dev-master",
            "source-reference": "v1.0.0",
            "commit-date": "1347052701"
        },
        {
            "package": "doctrine/mongodb",
            "version": "dev-master",
            "alias-pretty-version": "1.0.x-dev",
            "alias-version": "1.0.9999999.9999999-dev"
        },
        {
            "package": "doctrine/mongodb",
            "version": "dev-master",
            "source-reference": "de0c453a096d41f5f6186c3f8e4beb1e87d751af",
            "commit-date": "1347220367"
        },
        {
            "package": "doctrine/mongodb-odm",
            "version": "dev-master",
            "alias-pretty-version": "1.0.x-dev",
            "alias-version": "1.0.9999999.9999999-dev"
        },
        {
            "package": "doctrine/mongodb-odm",
            "version": "dev-master",
            "source-reference": "43f678b345a46d8399d86305a3d6947b3d19cfca",
            "commit-date": "1345760269"
        },
        {
            "package": "doctrine/mongodb-odm-bundle",
            "version": "dev-master",
            "alias-pretty-version": "3.0.x-dev",
            "alias-version": "3.0.9999999.9999999-dev"
        },
        {
            "package": "doctrine/mongodb-odm-bundle",
            "version": "dev-master",
            "source-reference": "v3.0.0-BETA3",
            "commit-date": "1347048380"
        },
        {
            "package": "doctrine/orm",
            "version": "2.3.x-dev",
            "source-reference": "4d9f24b2eef3af3a3e76c773994c19bbb0706f88",
            "commit-date": "1346869007"
        },
        {
            "package": "symfony/symfony",
            "version": "dev-master",
            "alias-pretty-version": "2.2.x-dev",
            "alias-version": "2.2.9999999.9999999-dev"
        },
        {
            "package": "symfony/symfony",
            "version": "dev-master",
            "source-reference": "13937de2c8b82ea37f2eb75c0b3b22d7d5d5bf7d"
        },
        {
            "package": "twig/twig",
            "version": "v1.9.2"
        }
    ],
    "packages-dev": null,
    "aliases": [

    ],
    "minimum-stability": "stable",
    "stability-flags": {
        "symfony/symfony": 20,
        "doctrine/orm": 20,
        "doctrine/doctrine-bundle": 20,
        "doctrine/mongodb-odm-bundle": 20,
        "doctrine/dbal": 20,
        "doctrine/common": 20,
        "doctrine/mongodb-odm": 20,
        "doctrine/mongodb": 20
    }
}
