{
    "hash": "18a1bae7e4e17ba2d0feaa8cf86aeb93",
    "packages": [
        {
            "package": "doctrine/common",
            "version": "2.2.2"
        },
        {
            "package": "doctrine/dbal",
            "version": "2.2.2"
        },
        {
            "package": "doctrine/doctrine-bundle",
            "version": "dev-master",
            "source-reference": "c9ea46d1f0c48bb88bb87b44214fe44e03c0c692",
            "commit-date": "1341405737"
        },
        {
            "package": "doctrine/mongodb",
            "version": "dev-master",
            "source-reference": "bf542f0ef6df724a390d888494b864f772454474",
            "commit-date": "1341251039"
        },
        {
            "package": "doctrine/mongodb-odm",
            "version": "dev-master",
            "source-reference": "c3ec81946e0267f8453ab48cc399bf94184e0fcd",
            "commit-date": "1341976591"
        },
        {
            "package": "doctrine/mongodb-odm-bundle",
            "version": "dev-master",
            "source-reference": "22fbe16eb93336a2eba1858b55b498dd5869de3d",
            "commit-date": "1341994025"
        },
        {
            "package": "doctrine/orm",
            "version": "2.2.0"
        },
        {
            "package": "symfony/symfony",
            "version": "dev-master",
            "alias-pretty-version": "2.1.x-dev",
            "alias-version": "2.1.9999999.9999999-dev"
        },
        {
            "package": "symfony/symfony",
            "version": "dev-master",
            "source-reference": "09d71ca9274e7b82a54566360684842885f61912",
            "commit-date": "1341995849"
        },
        {
            "package": "twig/twig",
            "version": "v1.8.3"
        }
    ],
    "packages-dev": null,
    "aliases": [

    ],
    "minimum-stability": "stable",
    "stability-flags": {
        "doctrine/doctrine-bundle": 20,
        "doctrine/mongodb-odm-bundle": 20
    }
}
