{
    "hash": "f122e5e3d4c1e97f0ca86bff664b4851",
    "packages": [
        {
            "package": "doctrine/common",
            "version": "dev-master",
            "alias-pretty-version": "2.3.x-dev",
            "alias-version": "2.3.9999999.9999999-dev"
        },
        {
            "package": "doctrine/common",
            "version": "dev-master",
            "source-reference": "b3afbb80506d909743475c5b0904285ab0c07941",
            "commit-date": "1341670930"
        },
        {
            "package": "doctrine/dbal",
            "version": "dev-master",
            "alias-pretty-version": "2.3.x-dev",
            "alias-version": "2.3.9999999.9999999-dev"
        },
        {
            "package": "doctrine/dbal",
            "version": "dev-master",
            "source-reference": "00ac50c0e721b1dcbcc4924938ab648e28feb4cf",
            "commit-date": "1341891672"
        },
        {
            "package": "doctrine/doctrine-bundle",
            "version": "dev-master",
            "alias-pretty-version": "1.0.x-dev",
            "alias-version": "1.0.9999999.9999999-dev"
        },
        {
            "package": "doctrine/doctrine-bundle",
            "version": "dev-master",
            "source-reference": "c9ea46d1f0c48bb88bb87b44214fe44e03c0c692",
            "commit-date": "1341405737"
        },
        {
            "package": "doctrine/mongodb",
            "version": "dev-master",
            "source-reference": "bf542f0ef6df724a390d888494b864f772454474",
            "commit-date": "1341251039"
        },
        {
            "package": "doctrine/mongodb-odm",
            "version": "dev-master",
            "source-reference": "c3ec81946e0267f8453ab48cc399bf94184e0fcd",
            "commit-date": "1341976591"
        },
        {
            "package": "doctrine/mongodb-odm-bundle",
            "version": "dev-master",
            "source-reference": "00c58f0e7e3b59710fa87278382e36de930550ad",
            "commit-date": "1341843461"
        },
        {
            "package": "doctrine/orm",
            "version": "dev-master",
            "alias-pretty-version": "2.3.x-dev",
            "alias-version": "2.3.9999999.9999999-dev"
        },
        {
            "package": "doctrine/orm",
            "version": "dev-master",
            "source-reference": "113c6f51c2ef97a9f0992ecff7de278f1ba39877",
            "commit-date": "1341846991"
        },
        {
            "package": "symfony/symfony",
            "version": "dev-master",
            "alias-pretty-version": "2.1.x-dev",
            "alias-version": "2.1.9999999.9999999-dev"
        },
        {
            "package": "symfony/symfony",
            "version": "dev-master",
            "source-reference": "064ad6255cca02d473f8feb238c08a80b90a79ca",
            "commit-date": "1341951444"
        },
        {
            "package": "twig/twig",
            "version": "v1.8.3"
        }
    ],
    "packages-dev": null,
    "aliases": [

    ],
    "minimum-stability": "stable",
    "stability-flags": {
        "symfony/symfony": 20,
        "doctrine/common": 20,
        "doctrine/dbal": 20,
        "doctrine/orm": 20,
        "doctrine/mongodb-odm-bundle": 20,
        "doctrine/mongodb-odm": 20,
        "doctrine/doctrine-bundle": 20,
        "doctrine/mongodb": 20
    }
}
